// !$*UTF8*$!
{
	archiveVersion = 1;
	classes = {
	};
	objectVersion = 46;
	objects = {

/* Begin PBXBuildFile section */
		035980561FCF07B1002FD945 /* GCDTimer.m in Sources */ = {isa = PBXBuildFile; fileRef = 035980541FCF07B0002FD945 /* GCDTimer.m */; };
		E514C4B21E0EB87C00E09817 /* main.m in Sources */ = {isa = PBXBuildFile; fileRef = E514C4B11E0EB87C00E09817 /* main.m */; };
		E514C4B51E0EB87C00E09817 /* AppDelegate.m in Sources */ = {isa = PBXBuildFile; fileRef = E514C4B41E0EB87C00E09817 /* AppDelegate.m */; };
		E514C4BB1E0EB87C00E09817 /* Main.storyboard in Resources */ = {isa = PBXBuildFile; fileRef = E514C4B91E0EB87C00E09817 /* Main.storyboard */; };
		E514C4BD1E0EB87C00E09817 /* Assets.xcassets in Resources */ = {isa = PBXBuildFile; fileRef = E514C4BC1E0EB87C00E09817 /* Assets.xcassets */; };
		E514C4C01E0EB87C00E09817 /* LaunchScreen.storyboard in Resources */ = {isa = PBXBuildFile; fileRef = E514C4BE1E0EB87C00E09817 /* LaunchScreen.storyboard */; };
		FBE15BC021A549630077DDD5 /* CountdownExpViewController.m in Sources */ = {isa = PBXBuildFile; fileRef = FBE15BBF21A549630077DDD5 /* CountdownExpViewController.m */; };
		FBE15BC321A549730077DDD5 /* RepeatExpViewController.m in Sources */ = {isa = PBXBuildFile; fileRef = FBE15BC221A549730077DDD5 /* RepeatExpViewController.m */; };
/* End PBXBuildFile section */

/* Begin PBXFileReference section */
		035980541FCF07B0002FD945 /* GCDTimer.m */ = {isa = PBXFileReference; fileEncoding = 4; lastKnownFileType = sourcecode.c.objc; path = GCDTimer.m; sourceTree = "<group>"; };
		035980551FCF07B0002FD945 /* GCDTimer.h */ = {isa = PBXFileReference; fileEncoding = 4; lastKnownFileType = sourcecode.c.h; path = GCDTimer.h; sourceTree = "<group>"; };
		E514C4AD1E0EB87C00E09817 /* GCDTimerDemo.app */ = {isa = PBXFileReference; explicitFileType = wrapper.application; includeInIndex = 0; path = GCDTimerDemo.app; sourceTree = BUILT_PRODUCTS_DIR; };
		E514C4B11E0EB87C00E09817 /* main.m */ = {isa = PBXFileReference; lastKnownFileType = sourcecode.c.objc; path = main.m; sourceTree = "<group>"; };
		E514C4B31E0EB87C00E09817 /* AppDelegate.h */ = {isa = PBXFileReference; lastKnownFileType = sourcecode.c.h; path = AppDelegate.h; sourceTree = "<group>"; };
		E514C4B41E0EB87C00E09817 /* AppDelegate.m */ = {isa = PBXFileReference; lastKnownFileType = sourcecode.c.objc; path = AppDelegate.m; sourceTree = "<group>"; };
		E514C4BA1E0EB87C00E09817 /* Base */ = {isa = PBXFileReference; lastKnownFileType = file.storyboard; name = Base; path = Base.lproj/Main.storyboard; sourceTree = "<group>"; };
		E514C4BC1E0EB87C00E09817 /* Assets.xcassets */ = {isa = PBXFileReference; lastKnownFileType = folder.assetcatalog; path = Assets.xcassets; sourceTree = "<group>"; };
		E514C4BF1E0EB87C00E09817 /* Base */ = {isa = PBXFileReference; lastKnownFileType = file.storyboard; name = Base; path = Base.lproj/LaunchScreen.storyboard; sourceTree = "<group>"; };
		E514C4C11E0EB87C00E09817 /* Info.plist */ = {isa = PBXFileReference; lastKnownFileType = text.plist.xml; path = Info.plist; sourceTree = "<group>"; };
		FBE15BBE21A549630077DDD5 /* CountdownExpViewController.h */ = {isa = PBXFileReference; lastKnownFileType = sourcecode.c.h; path = CountdownExpViewController.h; sourceTree = "<group>"; };
		FBE15BBF21A549630077DDD5 /* CountdownExpViewController.m */ = {isa = PBXFileReference; lastKnownFileType = sourcecode.c.objc; path = CountdownExpViewController.m; sourceTree = "<group>"; };
		FBE15BC121A549730077DDD5 /* RepeatExpViewController.h */ = {isa = PBXFileReference; lastKnownFileType = sourcecode.c.h; path = RepeatExpViewController.h; sourceTree = "<group>"; };
		FBE15BC221A549730077DDD5 /* RepeatExpViewController.m */ = {isa = PBXFileReference; lastKnownFileType = sourcecode.c.objc; path = RepeatExpViewController.m; sourceTree = "<group>"; };
/* End PBXFileReference section */

/* Begin PBXFrameworksBuildPhase section */
		E514C4AA1E0EB87C00E09817 /* Frameworks */ = {
			isa = PBXFrameworksBuildPhase;
			buildActionMask = 2147483647;
			files = (
			);
			runOnlyForDeploymentPostprocessing = 0;
		};
/* End PBXFrameworksBuildPhase section */

/* Begin PBXGroup section */
		035980531FCF07B0002FD945 /* GCDTimer */ = {
			isa = PBXGroup;
			children = (
				035980551FCF07B0002FD945 /* GCDTimer.h */,
				035980541FCF07B0002FD945 /* GCDTimer.m */,
			);
			path = GCDTimer;
			sourceTree = "<group>";
		};
		E514C4A41E0EB87C00E09817 = {
			isa = PBXGroup;
			children = (
				035980531FCF07B0002FD945 /* GCDTimer */,
				E514C4AF1E0EB87C00E09817 /* Demo */,
				E514C4AE1E0EB87C00E09817 /* Products */,
			);
			sourceTree = "<group>";
		};
		E514C4AE1E0EB87C00E09817 /* Products */ = {
			isa = PBXGroup;
			children = (
				E514C4AD1E0EB87C00E09817 /* GCDTimerDemo.app */,
			);
			name = Products;
			sourceTree = "<group>";
		};
		E514C4AF1E0EB87C00E09817 /* Demo */ = {
			isa = PBXGroup;
			children = (
				E514C4B31E0EB87C00E09817 /* AppDelegate.h */,
				E514C4B41E0EB87C00E09817 /* AppDelegate.m */,
				FBE15BBE21A549630077DDD5 /* CountdownExpViewController.h */,
				FBE15BBF21A549630077DDD5 /* CountdownExpViewController.m */,
				FBE15BC121A549730077DDD5 /* RepeatExpViewController.h */,
				FBE15BC221A549730077DDD5 /* RepeatExpViewController.m */,
				E514C4B91E0EB87C00E09817 /* Main.storyboard */,
				E514C4BC1E0EB87C00E09817 /* Assets.xcassets */,
				E514C4BE1E0EB87C00E09817 /* LaunchScreen.storyboard */,
				E514C4C11E0EB87C00E09817 /* Info.plist */,
				E514C4B01E0EB87C00E09817 /* Supporting Files */,
			);
			path = Demo;
			sourceTree = "<group>";
		};
		E514C4B01E0EB87C00E09817 /* Supporting Files */ = {
			isa = PBXGroup;
			children = (
				E514C4B11E0EB87C00E09817 /* main.m */,
			);
			name = "Supporting Files";
			sourceTree = "<group>";
		};
/* End PBXGroup section */

/* Begin PBXNativeTarget section */
		E514C4AC1E0EB87C00E09817 /* GCDTimerDemo */ = {
			isa = PBXNativeTarget;
			buildConfigurationList = E514C4C41E0EB87C00E09817 /* Build configuration list for PBXNativeTarget "GCDTimerDemo" */;
			buildPhases = (
				E514C4A91E0EB87C00E09817 /* Sources */,
				E514C4AA1E0EB87C00E09817 /* Frameworks */,
				E514C4AB1E0EB87C00E09817 /* Resources */,
			);
			buildRules = (
			);
			dependencies = (
			);
			name = GCDTimerDemo;
			productName = BqTimer;
			productReference = E514C4AD1E0EB87C00E09817 /* GCDTimerDemo.app */;
			productType = "com.apple.product-type.application";
		};
/* End PBXNativeTarget section */

/* Begin PBXProject section */
		E514C4A51E0EB87C00E09817 /* Project object */ = {
			isa = PBXProject;
			attributes = {
				LastUpgradeCheck = 0720;
				ORGANIZATIONNAME = Bq;
				TargetAttributes = {
					E514C4AC1E0EB87C00E09817 = {
						CreatedOnToolsVersion = 7.2.1;
						DevelopmentTeam = V7WL667MJM;
					};
				};
			};
			buildConfigurationList = E514C4A81E0EB87C00E09817 /* Build configuration list for PBXProject "GCDTimerDemo" */;
			compatibilityVersion = "Xcode 3.2";
			developmentRegion = English;
			hasScannedForEncodings = 0;
			knownRegions = (
				en,
				Base,
			);
			mainGroup = E514C4A41E0EB87C00E09817;
			productRefGroup = E514C4AE1E0EB87C00E09817 /* Products */;
			projectDirPath = "";
			projectRoot = "";
			targets = (
				E514C4AC1E0EB87C00E09817 /* GCDTimerDemo */,
			);
		};
/* End PBXProject section */

/* Begin PBXResourcesBuildPhase section */
		E514C4AB1E0EB87C00E09817 /* Resources */ = {
			isa = PBXResourcesBuildPhase;
			buildActionMask = 2147483647;
			files = (
				E514C4C01E0EB87C00E09817 /* LaunchScreen.storyboard in Resources */,
				E514C4BD1E0EB87C00E09817 /* Assets.xcassets in Resources */,
				E514C4BB1E0EB87C00E09817 /* Main.storyboard in Resources */,
			);
			runOnlyForDeploymentPostprocessing = 0;
		};
/* End PBXResourcesBuildPhase section */

/* Begin PBXSourcesBuildPhase section */
		E514C4A91E0EB87C00E09817 /* Sources */ = {
			isa = PBXSourcesBuildPhase;
			buildActionMask = 2147483647;
			files = (
				FBE15BC021A549630077DDD5 /* CountdownExpViewController.m in Sources */,
				035980561FCF07B1002FD945 /* GCDTimer.m in Sources */,
				E514C4B51E0EB87C00E09817 /* AppDelegate.m in Sources */,
				E514C4B21E0EB87C00E09817 /* main.m in Sources */,
				FBE15BC321A549730077DDD5 /* RepeatExpViewController.m in Sources */,
			);
			runOnlyForDeploymentPostprocessing = 0;
		};
/* End PBXSourcesBuildPhase section */

/* Begin PBXVariantGroup section */
		E514C4B91E0EB87C00E09817 /* Main.storyboard */ = {
			isa = PBXVariantGroup;
			children = (
				E514C4BA1E0EB87C00E09817 /* Base */,
			);
			name = Main.storyboard;
			sourceTree = "<group>";
		};
		E514C4BE1E0EB87C00E09817 /* LaunchScreen.storyboard */ = {
			isa = PBXVariantGroup;
			children = (
				E514C4BF1E0EB87C00E09817 /* Base */,
			);
			name = LaunchScreen.storyboard;
			sourceTree = "<group>";
		};
/* End PBXVariantGroup section */

/* Begin XCBuildConfiguration section */
		E514C4C21E0EB87C00E09817 /* Debug */ = {
			isa = XCBuildConfiguration;
			buildSettings = {
				ALWAYS_SEARCH_USER_PATHS = NO;
				CLANG_CXX_LANGUAGE_STANDARD = "gnu++0x";
				CLANG_CXX_LIBRARY = "libc++";
				CLANG_ENABLE_MODULES = YES;
				CLANG_ENABLE_OBJC_ARC = YES;
				CLANG_WARN_BOOL_CONVERSION = YES;
				CLANG_WARN_CONSTANT_CONVERSION = YES;
				CLANG_WARN_DIRECT_OBJC_ISA_USAGE = YES_ERROR;
				CLANG_WARN_EMPTY_BODY = YES;
				CLANG_WARN_ENUM_CONVERSION = YES;
				CLANG_WARN_INT_CONVERSION = YES;
				CLANG_WARN_OBJC_ROOT_CLASS = YES_ERROR;
				CLANG_WARN_UNREACHABLE_CODE = YES;
				CLANG_WARN__DUPLICATE_METHOD_MATCH = YES;
				"CODE_SIGN_IDENTITY[sdk=iphoneos*]" = "iPhone Developer";
				COPY_PHASE_STRIP = NO;
				DEBUG_INFORMATION_FORMAT = dwarf;
				ENABLE_STRICT_OBJC_MSGSEND = YES;
				ENABLE_TESTABILITY = YES;
				GCC_C_LANGUAGE_STANDARD = gnu99;
				GCC_DYNAMIC_NO_PIC = NO;
				GCC_NO_COMMON_BLOCKS = YES;
				GCC_OPTIMIZATION_LEVEL = 0;
				GCC_PREPROCESSOR_DEFINITIONS = (
					"DEBUG=1",
					"$(inherited)",
				);
				GCC_WARN_64_TO_32_BIT_CONVERSION = YES;
				GCC_WARN_ABOUT_RETURN_TYPE = YES_ERROR;
				GCC_WARN_UNDECLARED_SELECTOR = YES;
				GCC_WARN_UNINITIALIZED_AUTOS = YES_AGGRESSIVE;
				GCC_WARN_UNUSED_FUNCTION = YES;
				GCC_WARN_UNUSED_VARIABLE = YES;
				IPHONEOS_DEPLOYMENT_TARGET = 9.2;
				MTL_ENABLE_DEBUG_INFO = YES;
				ONLY_ACTIVE_ARCH = YES;
				SDKROOT = iphoneos;
			};
			name = Debug;
		};
		E514C4C31E0EB87C00E09817 /* Release */ = {
			isa = XCBuildConfiguration;
			buildSettings = {
				ALWAYS_SEARCH_USER_PATHS = NO;
				CLANG_CXX_LANGUAGE_STANDARD = "gnu++0x";
				CLANG_CXX_LIBRARY = "libc++";
				CLANG_ENABLE_MODULES = YES;
				CLANG_ENABLE_OBJC_ARC = YES;
				CLANG_WARN_BOOL_CONVERSION = YES;
				CLANG_WARN_CONSTANT_CONVERSION = YES;
				CLANG_WARN_DIRECT_OBJC_ISA_USAGE = YES_ERROR;
				CLANG_WARN_EMPTY_BODY = YES;
				CLANG_WARN_ENUM_CONVERSION = YES;
				CLANG_WARN_INT_CONVERSION = YES;
				CLANG_WARN_OBJC_ROOT_CLASS = YES_ERROR;
				CLANG_WARN_UNREACHABLE_CODE = YES;
				CLANG_WARN__DUPLICATE_METHOD_MATCH = YES;
				"CODE_SIGN_IDENTITY[sdk=iphoneos*]" = "iPhone Developer";
				COPY_PHASE_STRIP = NO;
				DEBUG_INFORMATION_FORMAT = "dwarf-with-dsym";
				ENABLE_NS_ASSERTIONS = NO;
				ENABLE_STRICT_OBJC_MSGSEND = YES;
				GCC_C_LANGUAGE_STANDARD = gnu99;
				GCC_NO_COMMON_BLOCKS = YES;
				GCC_WARN_64_TO_32_BIT_CONVERSION = YES;
				GCC_WARN_ABOUT_RETURN_TYPE = YES_ERROR;
				GCC_WARN_UNDECLARED_SELECTOR = YES;
				GCC_WARN_UNINITIALIZED_AUTOS = YES_AGGRESSIVE;
				GCC_WARN_UNUSED_FUNCTION = YES;
				GCC_WARN_UNUSED_VARIABLE = YES;
				IPHONEOS_DEPLOYMENT_TARGET = 9.2;
				MTL_ENABLE_DEBUG_INFO = NO;
				SDKROOT = iphoneos;
				VALIDATE_PRODUCT = YES;
			};
			name = Release;
		};
		E514C4C51E0EB87C00E09817 /* Debug */ = {
			isa = XCBuildConfiguration;
			buildSettings = {
				ASSETCATALOG_COMPILER_APPICON_NAME = AppIcon;
				DEVELOPMENT_TEAM = V7WL667MJM;
				INFOPLIST_FILE = "$(SRCROOT)/Demo/Info.plist";
				IPHONEOS_DEPLOYMENT_TARGET = 8.0;
				LD_RUNPATH_SEARCH_PATHS = "$(inherited) @executable_path/Frameworks";
				PRODUCT_BUNDLE_IDENTIFIER = bq.GCDTimer;
				PRODUCT_NAME = "$(TARGET_NAME)";
			};
			name = Debug;
		};
		E514C4C61E0EB87C00E09817 /* Release */ = {
			isa = XCBuildConfiguration;
			buildSettings = {
				ASSETCATALOG_COMPILER_APPICON_NAME = AppIcon;
				DEVELOPMENT_TEAM = V7WL667MJM;
				INFOPLIST_FILE = "$(SRCROOT)/Demo/Info.plist";
				IPHONEOS_DEPLOYMENT_TARGET = 8.0;
				LD_RUNPATH_SEARCH_PATHS = "$(inherited) @executable_path/Frameworks";
				PRODUCT_BUNDLE_IDENTIFIER = bq.GCDTimer;
				PRODUCT_NAME = "$(TARGET_NAME)";
			};
			name = Release;
		};
/* End XCBuildConfiguration section */

/* Begin XCConfigurationList section */
		E514C4A81E0EB87C00E09817 /* Build configuration list for PBXProject "GCDTimerDemo" */ = {
			isa = XCConfigurationList;
			buildConfigurations = (
				E514C4C21E0EB87C00E09817 /* Debug */,
				E514C4C31E0EB87C00E09817 /* Release */,
			);
			defaultConfigurationIsVisible = 0;
			defaultConfigurationName = Release;
		};
		E514C4C41E0EB87C00E09817 /* Build configuration list for PBXNativeTarget "GCDTimerDemo" */ = {
			isa = XCConfigurationList;
			buildConfigurations = (
				E514C4C51E0EB87C00E09817 /* Debug */,
				E514C4C61E0EB87C00E09817 /* Release */,
			);
			defaultConfigurationIsVisible = 0;
			defaultConfigurationName = Release;
		};
/* End XCConfigurationList section */
	};
	rootObject = E514C4A51E0EB87C00E09817 /* Project object */;
}
